
Microsoft Visual Studio Solution File, Format Version 12.00
# Visual Studio 15
VisualStudioVersion = 15.0.28307.852
MinimumVisualStudioVersion = 10.0.40219.1
Project("{FAE04EC0-301F-11D3-BF4B-00C04F79EFBC}") = "KTM_WebTM", "KTM_WebTM\KTM_WebTM.csproj", "{B51F9CF7-10F9-47C0-8EA4-E331CC02D992}"
EndProject
Global
	GlobalSection(SolutionConfigurationPlatforms) = preSolution
		Debug|Any CPU = Debug|Any CPU
		Release|Any CPU = Release|Any CPU
	EndGlobalSection
	GlobalSection(ProjectConfigurationPlatforms) = postSolution
		{B51F9CF7-10F9-47C0-8EA4-E331CC02D992}.Debug|Any CPU.ActiveCfg = Debug|Any CPU
		{B51F9CF7-10F9-47C0-8EA4-E331CC02D992}.Debug|Any CPU.Build.0 = Debug|Any CPU
		{B51F9CF7-10F9-47C0-8EA4-E331CC02D992}.Release|Any CPU.ActiveCfg = Release|Any CPU
		{B51F9CF7-10F9-47C0-8EA4-E331CC02D992}.Release|Any CPU.Build.0 = Release|Any CPU
	EndGlobalSection
	GlobalSection(SolutionProperties) = preSolution
		HideSolutionNode = FALSE
	EndGlobalSection
	GlobalSection(ExtensibilityGlobals) = postSolution
		SolutionGuid = {B94E31D7-94D2-40D6-9B00-F895E6FE8C70}
	EndGlobalSection
EndGlobal
